
Microsoft Visual Studio Solution File, Format Version 12.00
# Visual Studio Version 16
VisualStudioVersion = 16.0.30413.136
MinimumVisualStudioVersion = 10.0.40219.1
Project("{FAE04EC0-301F-11D3-BF4B-00C04F79EFBC}") = "QuanLyKho", "QuanLyKho\QuanLyKho.csproj", "{6EBBB54C-F09F-4F5A-BD9B-428073F93354}"
EndProject
Global
	GlobalSection(SolutionConfigurationPlatforms) = preSolution
		Debug|Any CPU = Debug|Any CPU
		Release|Any CPU = Release|Any CPU
	EndGlobalSection
	GlobalSection(ProjectConfigurationPlatforms) = postSolution
		{6EBBB54C-F09F-4F5A-BD9B-428073F93354}.Debug|Any CPU.ActiveCfg = Debug|Any CPU
		{6EBBB54C-F09F-4F5A-BD9B-428073F93354}.Debug|Any CPU.Build.0 = Debug|Any CPU
		{6EBBB54C-F09F-4F5A-BD9B-428073F93354}.Release|Any CPU.ActiveCfg = Release|Any CPU
		{6EBBB54C-F09F-4F5A-BD9B-428073F93354}.Release|Any CPU.Build.0 = Release|Any CPU
	EndGlobalSection
	GlobalSection(SolutionProperties) = preSolution
		HideSolutionNode = FALSE
	EndGlobalSection
	GlobalSection(ExtensibilityGlobals) = postSolution
		SolutionGuid = {1421A2B5-BBAF-44E2-B8B4-8EAF24C86BC0}
	EndGlobalSection
EndGlobal
